
Microsoft Visual Studio Solution File, Format Version 12.00
# Visual Studio 16
Project("{FAE04EC0-301F-11D3-BF4B-00C04F79EFBC}") = "Assembly-CSharp", "Assembly-CSharp.csproj", "{C5E35663-69A6-E286-BC58-27D48DEC72F5}"
EndProject
Project("{FAE04EC0-301F-11D3-BF4B-00C04F79EFBC}") = "Assembly-CSharp-Editor", "Assembly-CSharp-Editor.csproj", "{42D02020-1C49-7F94-16A8-536AFEBB71B2}"
EndProject
Global
	GlobalSection(SolutionConfigurationPlatforms) = preSolution
		Debug|Any CPU = Debug|Any CPU
		Release|Any CPU = Release|Any CPU
	EndGlobalSection
	GlobalSection(ProjectConfigurationPlatforms) = postSolution
		{C5E35663-69A6-E286-BC58-27D48DEC72F5}.Debug|Any CPU.ActiveCfg = Debug|Any CPU
		{C5E35663-69A6-E286-BC58-27D48DEC72F5}.Debug|Any CPU.Build.0 = Debug|Any CPU
		{C5E35663-69A6-E286-BC58-27D48DEC72F5}.Release|Any CPU.ActiveCfg = Release|Any CPU
		{C5E35663-69A6-E286-BC58-27D48DEC72F5}.Release|Any CPU.Build.0 = Release|Any CPU
		{42D02020-1C49-7F94-16A8-536AFEBB71B2}.Debug|Any CPU.ActiveCfg = Debug|Any CPU
		{42D02020-1C49-7F94-16A8-536AFEBB71B2}.Debug|Any CPU.Build.0 = Debug|Any CPU
		{42D02020-1C49-7F94-16A8-536AFEBB71B2}.Release|Any CPU.ActiveCfg = Release|Any CPU
		{42D02020-1C49-7F94-16A8-536AFEBB71B2}.Release|Any CPU.Build.0 = Release|Any CPU
	EndGlobalSection
	GlobalSection(SolutionProperties) = preSolution
		HideSolutionNode = FALSE
	EndGlobalSection
EndGlobal
